// !$*UTF8*$!
{
	archiveVersion = 1;
	classes = {
	};
	objectVersion = 50;
	objects = {

/* Begin PBXBuildFile section */
		B2A49CA7C0577CB6172049CD /* Pods_MLKitSample.framework in Frameworks */ = {isa = PBXBuildFile; fileRef = BF6C03D333E6AE1112104B0D /* Pods_MLKitSample.framework */; };
		EA57A58320FDC76F00493E01 /* AppDelegate.swift in Sources */ = {isa = PBXBuildFile; fileRef = EA57A58220FDC76F00493E01 /* AppDelegate.swift */; };
		EA57A58520FDC76F00493E01 /* ViewController.swift in Sources */ = {isa = PBXBuildFile; fileRef = EA57A58420FDC76F00493E01 /* ViewController.swift */; };
		EA57A58820FDC76F00493E01 /* Main.storyboard in Resources */ = {isa = PBXBuildFile; fileRef = EA57A58620FDC76F00493E01 /* Main.storyboard */; };
		EA57A58A20FDC77000493E01 /* Assets.xcassets in Resources */ = {isa = PBXBuildFile; fileRef = EA57A58920FDC77000493E01 /* Assets.xcassets */; };
		EA57A58D20FDC77000493E01 /* LaunchScreen.storyboard in Resources */ = {isa = PBXBuildFile; fileRef = EA57A58B20FDC77000493E01 /* LaunchScreen.storyboard */; };
		EA57A59520FDC88D00493E01 /* GoogleService-Info.plist in Resources */ = {isa = PBXBuildFile; fileRef = EA57A59420FDC88C00493E01 /* GoogleService-Info.plist */; };
		EAAB49352105D7D8007F3161 /* CameraController.swift in Sources */ = {isa = PBXBuildFile; fileRef = EAAB49342105D7D8007F3161 /* CameraController.swift */; };
		EAAB49372105D7F3007F3161 /* CameraViewController.swift in Sources */ = {isa = PBXBuildFile; fileRef = EAAB49362105D7F3007F3161 /* CameraViewController.swift */; };
/* End PBXBuildFile section */

/* Begin PBXFileReference section */
		13FCAE9B22E0A88C4618771B /* Pods-MLKitSample.release.xcconfig */ = {isa = PBXFileReference; includeInIndex = 1; lastKnownFileType = text.xcconfig; name = "Pods-MLKitSample.release.xcconfig"; path = "Pods/Target Support Files/Pods-MLKitSample/Pods-MLKitSample.release.xcconfig"; sourceTree = "<group>"; };
		971EC138D0DDB6ECD229DD4F /* Pods-MLKitSample.debug.xcconfig */ = {isa = PBXFileReference; includeInIndex = 1; lastKnownFileType = text.xcconfig; name = "Pods-MLKitSample.debug.xcconfig"; path = "Pods/Target Support Files/Pods-MLKitSample/Pods-MLKitSample.debug.xcconfig"; sourceTree = "<group>"; };
		BF6C03D333E6AE1112104B0D /* Pods_MLKitSample.framework */ = {isa = PBXFileReference; explicitFileType = wrapper.framework; includeInIndex = 0; path = Pods_MLKitSample.framework; sourceTree = BUILT_PRODUCTS_DIR; };
		EA57A57F20FDC76F00493E01 /* MLKitSample.app */ = {isa = PBXFileReference; explicitFileType = wrapper.application; includeInIndex = 0; path = MLKitSample.app; sourceTree = BUILT_PRODUCTS_DIR; };
		EA57A58220FDC76F00493E01 /* AppDelegate.swift */ = {isa = PBXFileReference; lastKnownFileType = sourcecode.swift; path = AppDelegate.swift; sourceTree = "<group>"; };
		EA57A58420FDC76F00493E01 /* ViewController.swift */ = {isa = PBXFileReference; lastKnownFileType = sourcecode.swift; path = ViewController.swift; sourceTree = "<group>"; };
		EA57A58720FDC76F00493E01 /* Base */ = {isa = PBXFileReference; lastKnownFileType = file.storyboard; name = Base; path = Base.lproj/Main.storyboard; sourceTree = "<group>"; };
		EA57A58920FDC77000493E01 /* Assets.xcassets */ = {isa = PBXFileReference; lastKnownFileType = folder.assetcatalog; path = Assets.xcassets; sourceTree = "<group>"; };
		EA57A58C20FDC77000493E01 /* Base */ = {isa = PBXFileReference; lastKnownFileType = file.storyboard; name = Base; path = Base.lproj/LaunchScreen.storyboard; sourceTree = "<group>"; };
		EA57A58E20FDC77000493E01 /* Info.plist */ = {isa = PBXFileReference; lastKnownFileType = text.plist.xml; path = Info.plist; sourceTree = "<group>"; };
		EA57A59420FDC88C00493E01 /* GoogleService-Info.plist */ = {isa = PBXFileReference; fileEncoding = 4; lastKnownFileType = text.plist.xml; path = "GoogleService-Info.plist"; sourceTree = "<group>"; };
		EAAB49342105D7D8007F3161 /* CameraController.swift */ = {isa = PBXFileReference; lastKnownFileType = sourcecode.swift; path = CameraController.swift; sourceTree = "<group>"; };
		EAAB49362105D7F3007F3161 /* CameraViewController.swift */ = {isa = PBXFileReference; lastKnownFileType = sourcecode.swift; path = CameraViewController.swift; sourceTree = "<group>"; };
/* End PBXFileReference section */

/* Begin PBXFrameworksBuildPhase section */
		EA57A57C20FDC76F00493E01 /* Frameworks */ = {
			isa = PBXFrameworksBuildPhase;
			buildActionMask = 2147483647;
			files = (
				B2A49CA7C0577CB6172049CD /* Pods_MLKitSample.framework in Frameworks */,
			);
			runOnlyForDeploymentPostprocessing = 0;
		};
/* End PBXFrameworksBuildPhase section */

/* Begin PBXGroup section */
		3DFEBD86DCC65DAFA3F8096F /* Pods */ = {
			isa = PBXGroup;
			children = (
				971EC138D0DDB6ECD229DD4F /* Pods-MLKitSample.debug.xcconfig */,
				13FCAE9B22E0A88C4618771B /* Pods-MLKitSample.release.xcconfig */,
			);
			name = Pods;
			sourceTree = "<group>";
		};
		B765DB44D1FB08A96363C104 /* Frameworks */ = {
			isa = PBXGroup;
			children = (
				BF6C03D333E6AE1112104B0D /* Pods_MLKitSample.framework */,
			);
			name = Frameworks;
			sourceTree = "<group>";
		};
		EA57A57620FDC76F00493E01 = {
			isa = PBXGroup;
			children = (
				EA57A58120FDC76F00493E01 /* MLKitSample */,
				EA57A58020FDC76F00493E01 /* Products */,
				3DFEBD86DCC65DAFA3F8096F /* Pods */,
				B765DB44D1FB08A96363C104 /* Frameworks */,
			);
			sourceTree = "<group>";
		};
		EA57A58020FDC76F00493E01 /* Products */ = {
			isa = PBXGroup;
			children = (
				EA57A57F20FDC76F00493E01 /* MLKitSample.app */,
			);
			name = Products;
			sourceTree = "<group>";
		};
		EA57A58120FDC76F00493E01 /* MLKitSample */ = {
			isa = PBXGroup;
			children = (
				EAAB49332105D7BE007F3161 /* LiveData */,
				EA57A58220FDC76F00493E01 /* AppDelegate.swift */,
				EA57A58420FDC76F00493E01 /* ViewController.swift */,
				EA57A58620FDC76F00493E01 /* Main.storyboard */,
				EA57A58920FDC77000493E01 /* Assets.xcassets */,
				EA57A58B20FDC77000493E01 /* LaunchScreen.storyboard */,
				EA57A58E20FDC77000493E01 /* Info.plist */,
				EA57A59420FDC88C00493E01 /* GoogleService-Info.plist */,
			);
			path = MLKitSample;
			sourceTree = "<group>";
		};
		EAAB49332105D7BE007F3161 /* LiveData */ = {
			isa = PBXGroup;
			children = (
				EAAB49342105D7D8007F3161 /* CameraController.swift */,
				EAAB49362105D7F3007F3161 /* CameraViewController.swift */,
			);
			path = LiveData;
			sourceTree = "<group>";
		};
/* End PBXGroup section */

/* Begin PBXNativeTarget section */
		EA57A57E20FDC76F00493E01 /* MLKitSample */ = {
			isa = PBXNativeTarget;
			buildConfigurationList = EA57A59120FDC77000493E01 /* Build configuration list for PBXNativeTarget "MLKitSample" */;
			buildPhases = (
				6A0569719AC4FF3069CE2DEE /* [CP] Check Pods Manifest.lock */,
				EA57A57B20FDC76F00493E01 /* Sources */,
				EA57A57C20FDC76F00493E01 /* Frameworks */,
				EA57A57D20FDC76F00493E01 /* Resources */,
				45FF42849E79D1DBDB4BF7C2 /* [CP] Embed Pods Frameworks */,
				0BF31090BB41CE8BDA5F12A6 /* [CP] Copy Pods Resources */,
				EAAB493821062660007F3161 /* ShellScript */,
			);
			buildRules = (
			);
			dependencies = (
			);
			name = MLKitSample;
			productName = MLKitSample;
			productReference = EA57A57F20FDC76F00493E01 /* MLKitSample.app */;
			productType = "com.apple.product-type.application";
		};
/* End PBXNativeTarget section */

/* Begin PBXProject section */
		EA57A57720FDC76F00493E01 /* Project object */ = {
			isa = PBXProject;
			attributes = {
				LastSwiftUpdateCheck = 0940;
				LastUpgradeCheck = 0940;
				ORGANIZATIONNAME = "anoop mohanan";
				TargetAttributes = {
					EA57A57E20FDC76F00493E01 = {
						CreatedOnToolsVersion = 9.4;
					};
				};
			};
			buildConfigurationList = EA57A57A20FDC76F00493E01 /* Build configuration list for PBXProject "MLKitSample" */;
			compatibilityVersion = "Xcode 9.3";
			developmentRegion = en;
			hasScannedForEncodings = 0;
			knownRegions = (
				en,
				Base,
			);
			mainGroup = EA57A57620FDC76F00493E01;
			productRefGroup = EA57A58020FDC76F00493E01 /* Products */;
			projectDirPath = "";
			projectRoot = "";
			targets = (
				EA57A57E20FDC76F00493E01 /* MLKitSample */,
			);
		};
/* End PBXProject section */

/* Begin PBXResourcesBuildPhase section */
		EA57A57D20FDC76F00493E01 /* Resources */ = {
			isa = PBXResourcesBuildPhase;
			buildActionMask = 2147483647;
			files = (
				EA57A58D20FDC77000493E01 /* LaunchScreen.storyboard in Resources */,
				EA57A59520FDC88D00493E01 /* GoogleService-Info.plist in Resources */,
				EA57A58A20FDC77000493E01 /* Assets.xcassets in Resources */,
				EA57A58820FDC76F00493E01 /* Main.storyboard in Resources */,
			);
			runOnlyForDeploymentPostprocessing = 0;
		};
/* End PBXResourcesBuildPhase section */

/* Begin PBXShellScriptBuildPhase section */
		0BF31090BB41CE8BDA5F12A6 /* [CP] Copy Pods Resources */ = {
			isa = PBXShellScriptBuildPhase;
			buildActionMask = 2147483647;
			files = (
			);
			inputPaths = (
				"${SRCROOT}/Pods/Target Support Files/Pods-MLKitSample/Pods-MLKitSample-resources.sh",
				"${PODS_CONFIGURATION_BUILD_DIR}/GoogleMobileVision/GoogleMVFaceDetectorResources.bundle",
				"${PODS_CONFIGURATION_BUILD_DIR}/GoogleMobileVision/GoogleMVTextDetectorResources.bundle",
			);
			name = "[CP] Copy Pods Resources";
			outputPaths = (
				"${TARGET_BUILD_DIR}/${UNLOCALIZED_RESOURCES_FOLDER_PATH}/GoogleMVFaceDetectorResources.bundle",
				"${TARGET_BUILD_DIR}/${UNLOCALIZED_RESOURCES_FOLDER_PATH}/GoogleMVTextDetectorResources.bundle",
			);
			runOnlyForDeploymentPostprocessing = 0;
			shellPath = /bin/sh;
			shellScript = "\"${SRCROOT}/Pods/Target Support Files/Pods-MLKitSample/Pods-MLKitSample-resources.sh\"\n";
			showEnvVarsInLog = 0;
		};
		45FF42849E79D1DBDB4BF7C2 /* [CP] Embed Pods Frameworks */ = {
			isa = PBXShellScriptBuildPhase;
			buildActionMask = 2147483647;
			files = (
			);
			inputPaths = (
				"${SRCROOT}/Pods/Target Support Files/Pods-MLKitSample/Pods-MLKitSample-frameworks.sh",
				"${BUILT_PRODUCTS_DIR}/GTMSessionFetcher/GTMSessionFetcher.framework",
				"${BUILT_PRODUCTS_DIR}/GoogleAPIClientForREST/GoogleAPIClientForREST.framework",
				"${BUILT_PRODUCTS_DIR}/GoogleToolboxForMac/GoogleToolboxForMac.framework",
				"${BUILT_PRODUCTS_DIR}/Protobuf/Protobuf.framework",
				"${BUILT_PRODUCTS_DIR}/nanopb/nanopb.framework",
			);
			name = "[CP] Embed Pods Frameworks";
			outputPaths = (
				"${TARGET_BUILD_DIR}/${FRAMEWORKS_FOLDER_PATH}/GTMSessionFetcher.framework",
				"${TARGET_BUILD_DIR}/${FRAMEWORKS_FOLDER_PATH}/GoogleAPIClientForREST.framework",
				"${TARGET_BUILD_DIR}/${FRAMEWORKS_FOLDER_PATH}/GoogleToolboxForMac.framework",
				"${TARGET_BUILD_DIR}/${FRAMEWORKS_FOLDER_PATH}/Protobuf.framework",
				"${TARGET_BUILD_DIR}/${FRAMEWORKS_FOLDER_PATH}/nanopb.framework",
			);
			runOnlyForDeploymentPostprocessing = 0;
			shellPath = /bin/sh;
			shellScript = "\"${SRCROOT}/Pods/Target Support Files/Pods-MLKitSample/Pods-MLKitSample-frameworks.sh\"\n";
			showEnvVarsInLog = 0;
		};
		6A0569719AC4FF3069CE2DEE /* [CP] Check Pods Manifest.lock */ = {
			isa = PBXShellScriptBuildPhase;
			buildActionMask = 2147483647;
			files = (
			);
			inputPaths = (
				"${PODS_PODFILE_DIR_PATH}/Podfile.lock",
				"${PODS_ROOT}/Manifest.lock",
			);
			name = "[CP] Check Pods Manifest.lock";
			outputPaths = (
				"$(DERIVED_FILE_DIR)/Pods-MLKitSample-checkManifestLockResult.txt",
			);
			runOnlyForDeploymentPostprocessing = 0;
			shellPath = /bin/sh;
			shellScript = "diff \"${PODS_PODFILE_DIR_PATH}/Podfile.lock\" \"${PODS_ROOT}/Manifest.lock\" > /dev/null\nif [ $? != 0 ] ; then\n    # print error to STDERR\n    echo \"error: The sandbox is not in sync with the Podfile.lock. Run 'pod install' or update your CocoaPods installation.\" >&2\n    exit 1\nfi\n# This output is used by Xcode 'outputs' to avoid re-running this script phase.\necho \"SUCCESS\" > \"${SCRIPT_OUTPUT_FILE_0}\"\n";
			showEnvVarsInLog = 0;
		};
		EAAB493821062660007F3161 /* ShellScript */ = {
			isa = PBXShellScriptBuildPhase;
			buildActionMask = 2147483647;
			files = (
			);
			inputPaths = (
			);
			outputPaths = (
			);
			runOnlyForDeploymentPostprocessing = 0;
			shellPath = /bin/sh;
			shellScript = "";
		};
/* End PBXShellScriptBuildPhase section */

/* Begin PBXSourcesBuildPhase section */
		EA57A57B20FDC76F00493E01 /* Sources */ = {
			isa = PBXSourcesBuildPhase;
			buildActionMask = 2147483647;
			files = (
				EAAB49352105D7D8007F3161 /* CameraController.swift in Sources */,
				EAAB49372105D7F3007F3161 /* CameraViewController.swift in Sources */,
				EA57A58520FDC76F00493E01 /* ViewController.swift in Sources */,
				EA57A58320FDC76F00493E01 /* AppDelegate.swift in Sources */,
			);
			runOnlyForDeploymentPostprocessing = 0;
		};
/* End PBXSourcesBuildPhase section */

/* Begin PBXVariantGroup section */
		EA57A58620FDC76F00493E01 /* Main.storyboard */ = {
			isa = PBXVariantGroup;
			children = (
				EA57A58720FDC76F00493E01 /* Base */,
			);
			name = Main.storyboard;
			sourceTree = "<group>";
		};
		EA57A58B20FDC77000493E01 /* LaunchScreen.storyboard */ = {
			isa = PBXVariantGroup;
			children = (
				EA57A58C20FDC77000493E01 /* Base */,
			);
			name = LaunchScreen.storyboard;
			sourceTree = "<group>";
		};
/* End PBXVariantGroup section */

/* Begin XCBuildConfiguration section */
		EA57A58F20FDC77000493E01 /* Debug */ = {
			isa = XCBuildConfiguration;
			buildSettings = {
				ALWAYS_SEARCH_USER_PATHS = NO;
				CLANG_ANALYZER_NONNULL = YES;
				CLANG_ANALYZER_NUMBER_OBJECT_CONVERSION = YES_AGGRESSIVE;
				CLANG_CXX_LANGUAGE_STANDARD = "gnu++14";
				CLANG_CXX_LIBRARY = "libc++";
				CLANG_ENABLE_MODULES = YES;
				CLANG_ENABLE_OBJC_ARC = YES;
				CLANG_ENABLE_OBJC_WEAK = YES;
				CLANG_WARN_BLOCK_CAPTURE_AUTORELEASING = YES;
				CLANG_WARN_BOOL_CONVERSION = YES;
				CLANG_WARN_COMMA = YES;
				CLANG_WARN_CONSTANT_CONVERSION = YES;
				CLANG_WARN_DEPRECATED_OBJC_IMPLEMENTATIONS = YES;
				CLANG_WARN_DIRECT_OBJC_ISA_USAGE = YES_ERROR;
				CLANG_WARN_DOCUMENTATION_COMMENTS = YES;
				CLANG_WARN_EMPTY_BODY = YES;
				CLANG_WARN_ENUM_CONVERSION = YES;
				CLANG_WARN_INFINITE_RECURSION = YES;
				CLANG_WARN_INT_CONVERSION = YES;
				CLANG_WARN_NON_LITERAL_NULL_CONVERSION = YES;
				CLANG_WARN_OBJC_IMPLICIT_RETAIN_SELF = YES;
				CLANG_WARN_OBJC_LITERAL_CONVERSION = YES;
				CLANG_WARN_OBJC_ROOT_CLASS = YES_ERROR;
				CLANG_WARN_RANGE_LOOP_ANALYSIS = YES;
				CLANG_WARN_STRICT_PROTOTYPES = YES;
				CLANG_WARN_SUSPICIOUS_MOVE = YES;
				CLANG_WARN_UNGUARDED_AVAILABILITY = YES_AGGRESSIVE;
				CLANG_WARN_UNREACHABLE_CODE = YES;
				CLANG_WARN__DUPLICATE_METHOD_MATCH = YES;
				CODE_SIGN_IDENTITY = "iPhone Developer";
				COPY_PHASE_STRIP = NO;
				DEBUG_INFORMATION_FORMAT = dwarf;
				ENABLE_STRICT_OBJC_MSGSEND = YES;
				ENABLE_TESTABILITY = YES;
				GCC_C_LANGUAGE_STANDARD = gnu11;
				GCC_DYNAMIC_NO_PIC = NO;
				GCC_NO_COMMON_BLOCKS = YES;
				GCC_OPTIMIZATION_LEVEL = 0;
				GCC_PREPROCESSOR_DEFINITIONS = (
					"DEBUG=1",
					"$(inherited)",
				);
				GCC_WARN_64_TO_32_BIT_CONVERSION = YES;
				GCC_WARN_ABOUT_RETURN_TYPE = YES_ERROR;
				GCC_WARN_UNDECLARED_SELECTOR = YES;
				GCC_WARN_UNINITIALIZED_AUTOS = YES_AGGRESSIVE;
				GCC_WARN_UNUSED_FUNCTION = YES;
				GCC_WARN_UNUSED_VARIABLE = YES;
				IPHONEOS_DEPLOYMENT_TARGET = 11.4;
				MTL_ENABLE_DEBUG_INFO = YES;
				ONLY_ACTIVE_ARCH = YES;
				SDKROOT = iphoneos;
				SWIFT_ACTIVE_COMPILATION_CONDITIONS = DEBUG;
				SWIFT_OPTIMIZATION_LEVEL = "-Onone";
			};
			name = Debug;
		};
		EA57A59020FDC77000493E01 /* Release */ = {
			isa = XCBuildConfiguration;
			buildSettings = {
				ALWAYS_SEARCH_USER_PATHS = NO;
				CLANG_ANALYZER_NONNULL = YES;
				CLANG_ANALYZER_NUMBER_OBJECT_CONVERSION = YES_AGGRESSIVE;
				CLANG_CXX_LANGUAGE_STANDARD = "gnu++14";
				CLANG_CXX_LIBRARY = "libc++";
				CLANG_ENABLE_MODULES = YES;
				CLANG_ENABLE_OBJC_ARC = YES;
				CLANG_ENABLE_OBJC_WEAK = YES;
				CLANG_WARN_BLOCK_CAPTURE_AUTORELEASING = YES;
				CLANG_WARN_BOOL_CONVERSION = YES;
				CLANG_WARN_COMMA = YES;
				CLANG_WARN_CONSTANT_CONVERSION = YES;
				CLANG_WARN_DEPRECATED_OBJC_IMPLEMENTATIONS = YES;
				CLANG_WARN_DIRECT_OBJC_ISA_USAGE = YES_ERROR;
				CLANG_WARN_DOCUMENTATION_COMMENTS = YES;
				CLANG_WARN_EMPTY_BODY = YES;
				CLANG_WARN_ENUM_CONVERSION = YES;
				CLANG_WARN_INFINITE_RECURSION = YES;
				CLANG_WARN_INT_CONVERSION = YES;
				CLANG_WARN_NON_LITERAL_NULL_CONVERSION = YES;
				CLANG_WARN_OBJC_IMPLICIT_RETAIN_SELF = YES;
				CLANG_WARN_OBJC_LITERAL_CONVERSION = YES;
				CLANG_WARN_OBJC_ROOT_CLASS = YES_ERROR;
				CLANG_WARN_RANGE_LOOP_ANALYSIS = YES;
				CLANG_WARN_STRICT_PROTOTYPES = YES;
				CLANG_WARN_SUSPICIOUS_MOVE = YES;
				CLANG_WARN_UNGUARDED_AVAILABILITY = YES_AGGRESSIVE;
				CLANG_WARN_UNREACHABLE_CODE = YES;
				CLANG_WARN__DUPLICATE_METHOD_MATCH = YES;
				CODE_SIGN_IDENTITY = "iPhone Developer";
				COPY_PHASE_STRIP = NO;
				DEBUG_INFORMATION_FORMAT = "dwarf-with-dsym";
				ENABLE_NS_ASSERTIONS = NO;
				ENABLE_STRICT_OBJC_MSGSEND = YES;
				GCC_C_LANGUAGE_STANDARD = gnu11;
				GCC_NO_COMMON_BLOCKS = YES;
				GCC_WARN_64_TO_32_BIT_CONVERSION = YES;
				GCC_WARN_ABOUT_RETURN_TYPE = YES_ERROR;
				GCC_WARN_UNDECLARED_SELECTOR = YES;
				GCC_WARN_UNINITIALIZED_AUTOS = YES_AGGRESSIVE;
				GCC_WARN_UNUSED_FUNCTION = YES;
				GCC_WARN_UNUSED_VARIABLE = YES;
				IPHONEOS_DEPLOYMENT_TARGET = 11.4;
				MTL_ENABLE_DEBUG_INFO = NO;
				SDKROOT = iphoneos;
				SWIFT_COMPILATION_MODE = wholemodule;
				SWIFT_OPTIMIZATION_LEVEL = "-O";
				VALIDATE_PRODUCT = YES;
			};
			name = Release;
		};
		EA57A59220FDC77000493E01 /* Debug */ = {
			isa = XCBuildConfiguration;
			baseConfigurationReference = 971EC138D0DDB6ECD229DD4F /* Pods-MLKitSample.debug.xcconfig */;
			buildSettings = {
				ASSETCATALOG_COMPILER_APPICON_NAME = AppIcon;
				CODE_SIGN_STYLE = Automatic;
				DEVELOPMENT_TEAM = 6UT7M6DT43;
				INFOPLIST_FILE = MLKitSample/Info.plist;
				LD_RUNPATH_SEARCH_PATHS = (
					"$(inherited)",
					"@executable_path/Frameworks",
				);
				PRODUCT_BUNDLE_IDENTIFIER = com.anoopm.MLKitSample;
				PRODUCT_NAME = "$(TARGET_NAME)";
				SWIFT_VERSION = 4.0;
				TARGETED_DEVICE_FAMILY = "1,2";
			};
			name = Debug;
		};
		EA57A59320FDC77000493E01 /* Release */ = {
			isa = XCBuildConfiguration;
			baseConfigurationReference = 13FCAE9B22E0A88C4618771B /* Pods-MLKitSample.release.xcconfig */;
			buildSettings = {
				ASSETCATALOG_COMPILER_APPICON_NAME = AppIcon;
				CODE_SIGN_STYLE = Automatic;
				DEVELOPMENT_TEAM = 6UT7M6DT43;
				INFOPLIST_FILE = MLKitSample/Info.plist;
				LD_RUNPATH_SEARCH_PATHS = (
					"$(inherited)",
					"@executable_path/Frameworks",
				);
				PRODUCT_BUNDLE_IDENTIFIER = com.anoopm.MLKitSample;
				PRODUCT_NAME = "$(TARGET_NAME)";
				SWIFT_VERSION = 4.0;
				TARGETED_DEVICE_FAMILY = "1,2";
			};
			name = Release;
		};
/* End XCBuildConfiguration section */

/* Begin XCConfigurationList section */
		EA57A57A20FDC76F00493E01 /* Build configuration list for PBXProject "MLKitSample" */ = {
			isa = XCConfigurationList;
			buildConfigurations = (
				EA57A58F20FDC77000493E01 /* Debug */,
				EA57A59020FDC77000493E01 /* Release */,
			);
			defaultConfigurationIsVisible = 0;
			defaultConfigurationName = Release;
		};
		EA57A59120FDC77000493E01 /* Build configuration list for PBXNativeTarget "MLKitSample" */ = {
			isa = XCConfigurationList;
			buildConfigurations = (
				EA57A59220FDC77000493E01 /* Debug */,
				EA57A59320FDC77000493E01 /* Release */,
			);
			defaultConfigurationIsVisible = 0;
			defaultConfigurationName = Release;
		};
/* End XCConfigurationList section */
	};
	rootObject = EA57A57720FDC76F00493E01 /* Project object */;
}
